# @generated by Move, please check-in and do not edit manually.

[move]
version = 3
manifest_digest = "FDD3A4BFFC780F79A298CC1BD170004575F99C3C47F8E3F9C3B363CF78956B78"
deps_digest = "3C4103934B1E040BB6B23F1D610B4EF9F2F1166A50A104EADCF77467C004C600"
dependencies = [
  { id = "Sui", name = "Sui" },
  { id = "Switchboard", name = "Switchboard" },
]

[[move.package]]
id = "MoveStdlib"
source = { git = "https://github.com/MystenLabs/sui.git", rev = "framework/mainnet", subdir = "crates/sui-framework/packages/move-stdlib" }

[[move.package]]
id = "Sui"
source = { git = "https://github.com/MystenLabs/sui.git", rev = "framework/mainnet", subdir = "crates/sui-framework/packages/sui-framework" }

dependencies = [
  { id = "MoveStdlib", name = "MoveStdlib" },
]

[[move.package]]
id = "Switchboard"
source = { git = "https://github.com/switchboard-xyz/sui.git", rev = "mainnet", subdir = "on_demand" }

dependencies = [
  { id = "Sui", name = "Sui" },
]

[move.toolchain-version]
compiler-version = "1.35.1"
edition = "2024.beta"
flavor = "sui"

[env]

[env.mainnet]
chain-id = "35834a8a"
original-published-id = "0xa404295c27e817d074d623d547c9d8f8711eb06ba1300676d7d9f58662fd0dda"
latest-published-id = "0xa404295c27e817d074d623d547c9d8f8711eb06ba1300676d7d9f58662fd0dda"
published-version = "1"
