# @generated by Move, please check-in and do not edit manually.

[move]
version = 3
manifest_digest = "D0F7528616FF462E4899DD02034947D1C8CD757F1707EBDEC025F0A18E988CB1"
deps_digest = "3C4103934B1E040BB6B23F1D610B4EF9F2F1166A50A104EADCF77467C004C600"
dependencies = [
  { id = "Sui", name = "Sui" },
  { id = "Switchboard", name = "Switchboard" },
]

[[move.package]]
id = "MoveStdlib"
source = { git = "https://github.com/MystenLabs/sui.git", rev = "framework/mainnet", subdir = "crates/sui-framework/packages/move-stdlib" }

[[move.package]]
id = "Sui"
source = { git = "https://github.com/MystenLabs/sui.git", rev = "framework/mainnet", subdir = "crates/sui-framework/packages/sui-framework" }

dependencies = [
  { id = "MoveStdlib", name = "MoveStdlib" },
]

[[move.package]]
id = "Switchboard"
source = { git = "https://github.com/switchboard-xyz/sui.git", rev = "mainnet", subdir = "on_demand" }

dependencies = [
  { id = "Sui", name = "Sui" },
]

[move.toolchain-version]
compiler-version = "1.35.1"
edition = "legacy"
flavor = "sui"

[env]

[env.mainnet]
chain-id = "35834a8a"
original-published-id = "0x3b848d34b60087ecbbb70631126b08b9a13a212537eac0386826cbe4fc70fa46"
latest-published-id = "0x3b848d34b60087ecbbb70631126b08b9a13a212537eac0386826cbe4fc70fa46"
published-version = "1"
