# @generated by Move, please check-in and do not edit manually.

[move]
version = 3
manifest_digest = "DA428EC473DAAACE71AE6ED69C4B4045CF24ADD276DCA0ED27899F974F0F60FE"
deps_digest = "F8BBB0CCB2491CA29A3DF03D6F92277A4F3574266507ACD77214D37ECA3F3082"
dependencies = [
  { id = "Sui", name = "Sui" },
]

[[move.package]]
id = "MoveStdlib"
source = { git = "https://github.com/MystenLabs/sui.git", rev = "framework/mainnet", subdir = "crates/sui-framework/packages/move-stdlib" }

[[move.package]]
id = "Sui"
source = { git = "https://github.com/MystenLabs/sui.git", rev = "framework/mainnet", subdir = "crates/sui-framework/packages/sui-framework" }

dependencies = [
  { id = "MoveStdlib", name = "MoveStdlib" },
]

[move.toolchain-version]
compiler-version = "1.35.1"
edition = "2024.beta"
flavor = "sui"

[env]

[env.testnet2]
chain-id = "4c78adac"
original-published-id = "0xdd96e1c8d6d61c4642b9b73eefb1021cc5f93f489b794bca11c81d55fcf43ce2"
latest-published-id = "0x578b91ec9dcc505439b2f0ec761c23ad2c533a1c23b0467f6c4ae3d9686709f6"
published-version = "2"

[env.mainnet]
chain-id = "35834a8a"
original-published-id = "0x0000000000000000000000000000000000000000000000000000000000000000"
latest-published-id = "0xe6717fb7c9d44706bf8ce8a651e25c0a7902d32cb0ff40c0976251ce8ac25655"
published-version = "2"
